{
  "name": "@econte-sprig/modular-test",
  "version": "1.0.4",
  "lockfileVersion": 1,
  "requires": true,
  "dependencies": {
    "@econte-sprig/click-logger": {
      "version": "1.0.0",
      "resolved": "https://registry.npmjs.org/@econte-sprig/click-logger/-/click-logger-1.0.0.tgz",
      "integrity": "sha512-Y/dMn8Df2uutAfl7qwgvx+JTHFQ9bmu7wjZ+tTxLw+4sv0jT+QNqSY+zQkIFzJ0H0torCJkBpWVhoVGtkyP+aA=="
    },
    "@econte-sprig/core": {
      "version": "1.0.1",
      "resolved": "https://registry.npmjs.org/@econte-sprig/core/-/core-1.0.1.tgz",
      "integrity": "sha512-bk3fdHgZfnW3V8Rf6NwN1gKOYGLLS5y/rsL+U4TNy+jTZSlnNLx4Dn3dlg5KnLrOmKgtJd1mAfMxUPF9cDUTCw==",
      "requires": {
        "semver": "^7.6.1"
      }
    },
    "@econte-sprig/key-logger": {
      "version": "1.0.0",
      "resolved": "https://registry.npmjs.org/@econte-sprig/key-logger/-/key-logger-1.0.0.tgz",
      "integrity": "sha512-3cyJBAl/NCX2zHAqyYmGcIQkjfxzeF6spUB8Q9bqjIZQFcPhctJqNSw20i3mZWnr9O3RYYRXAuHXzz148Jy/xw=="
    },
    "@econte-sprig/mouse-logger": {
      "version": "1.0.0",
      "resolved": "https://registry.npmjs.org/@econte-sprig/mouse-logger/-/mouse-logger-1.0.0.tgz",
      "integrity": "sha512-QIjzKHaWSw9o+wXMf/KlSuZobN0CByDSU0RE1UhKOAefILY+lIFYfwimXXjT+NND3nYHoKbBbIIOCGwBOrM2KQ=="
    },
    "semver": {
      "version": "7.6.1",
      "resolved": "https://registry.npmjs.org/semver/-/semver-7.6.1.tgz",
      "integrity": "sha512-f/vbBsu+fOiYt+lmwZV0rVwJScl46HppnOA1ZvIuBWKOTlllpyJ3bfVax76/OrhCH38dyxoDIA8K7uB963IYgA=="
    },
    "typescript": {
      "version": "5.4.5",
      "resolved": "https://registry.npmjs.org/typescript/-/typescript-5.4.5.tgz",
      "integrity": "sha512-vcI4UpRgg81oIRUFwR0WSIHKt11nJ7SAVlYNIu+QpqeyXP+gpQJy/Z4+F0aGxSE4MqwjyXvW/TzgkLAx2AGHwQ==",
      "dev": true
    }
  }
}
